# This file was autogenerated by Stack.
# You should not edit this file by hand.
# For more information, please see the documentation at:
#   https://docs.haskellstack.org/en/stable/lock_files

packages:
- completed:
    hackage: mios-1.6.2@sha256:18cfd492792cf4f0fbd8664aee8717fe75771355921d47d69f23b67eed1280a4,5077
    pantry-tree:
      size: 1556
      sha256: 4adcfb8789415b210df43a9f6c2b445511816527be1a2fb4b950a6e103d4a590
  original:
    hackage: mios-1.6.2@sha256:18cfd492792cf4f0fbd8664aee8717fe75771355921d47d69f23b67eed1280a4,5077
- completed:
    hackage: minisat-0.1.3@sha256:3654d6c19268c2ad1e5e15314e399ce153214ffd3da2404e1efacfa5297dc6c7,1213
    pantry-tree:
      size: 1949
      sha256: c2ae220f1723266754c8637de63578a8f774da017dc7ec271d9bc6f3e538c25c
  original:
    hackage: minisat-0.1.3@sha256:3654d6c19268c2ad1e5e15314e399ce153214ffd3da2404e1efacfa5297dc6c7,1213
- completed:
    hackage: QuickCheck-2.13.2@sha256:636e7265bf75122e7e2f97627c47aad3b772ee3b35b134cafb6095116ce8d07a,6974
    pantry-tree:
      size: 2202
      sha256: b917f922fc59d98d47b789f50c5a569d1b80ae08d52f4fbebbaad7fc62479e0d
  original:
    hackage: QuickCheck-2.13.2@sha256:636e7265bf75122e7e2f97627c47aad3b772ee3b35b134cafb6095116ce8d07a,6974
snapshots:
- completed:
    size: 534126
    url: https://raw.githubusercontent.com/commercialhaskell/stackage-snapshots/master/lts/16/31.yaml
    sha256: 637fb77049b25560622a224845b7acfe81a09fdb6a96a3c75997a10b651667f6
  original: lts-16.31
